
Microsoft Visual Studio Solution File, Format Version 12.00
# Visual Studio Version 17
VisualStudioVersion = 17.0.31903.59
MinimumVisualStudioVersion = 10.0.40219.1
Project("{FAE04EC0-301F-11D3-BF4B-00C04F79EFBC}") = "BuberBreakfast", "BuberBreakfast\BuberBreakfast.csproj", "{0675775F-1BC8-4E57-980F-D1A97EAFFDB0}"
EndProject
Project("{FAE04EC0-301F-11D3-BF4B-00C04F79EFBC}") = "BuberBreakfast.Contracts", "BuberBreakfast.Contracts\BuberBreakfast.Contracts.csproj", "{EFF796BE-D976-4F96-9E51-2E7115471D78}"
EndProject
Global
	GlobalSection(SolutionConfigurationPlatforms) = preSolution
		Debug|Any CPU = Debug|Any CPU
		Release|Any CPU = Release|Any CPU
	EndGlobalSection
	GlobalSection(SolutionProperties) = preSolution
		HideSolutionNode = FALSE
	EndGlobalSection
	GlobalSection(ProjectConfigurationPlatforms) = postSolution
		{0675775F-1BC8-4E57-980F-D1A97EAFFDB0}.Debug|Any CPU.ActiveCfg = Debug|Any CPU
		{0675775F-1BC8-4E57-980F-D1A97EAFFDB0}.Debug|Any CPU.Build.0 = Debug|Any CPU
		{0675775F-1BC8-4E57-980F-D1A97EAFFDB0}.Release|Any CPU.ActiveCfg = Release|Any CPU
		{0675775F-1BC8-4E57-980F-D1A97EAFFDB0}.Release|Any CPU.Build.0 = Release|Any CPU
		{EFF796BE-D976-4F96-9E51-2E7115471D78}.Debug|Any CPU.ActiveCfg = Debug|Any CPU
		{EFF796BE-D976-4F96-9E51-2E7115471D78}.Debug|Any CPU.Build.0 = Debug|Any CPU
		{EFF796BE-D976-4F96-9E51-2E7115471D78}.Release|Any CPU.ActiveCfg = Release|Any CPU
		{EFF796BE-D976-4F96-9E51-2E7115471D78}.Release|Any CPU.Build.0 = Release|Any CPU
	EndGlobalSection
EndGlobal
